
Microsoft Visual Studio Solution File, Format Version 12.00
# Visual Studio Version 17
VisualStudioVersion = 17.10.35013.160
MinimumVisualStudioVersion = 10.0.40219.1
Project("{FAE04EC0-301F-11D3-BF4B-00C04F79EFBC}") = "MyFirstApi", "MyFirstApi.csproj", "{67409A5E-D04D-416B-936C-A0663E6CA22F}"
EndProject
Global
	GlobalSection(SolutionConfigurationPlatforms) = preSolution
		Debug|Any CPU = Debug|Any CPU
		Release|Any CPU = Release|Any CPU
	EndGlobalSection
	GlobalSection(ProjectConfigurationPlatforms) = postSolution
		{67409A5E-D04D-416B-936C-A0663E6CA22F}.Debug|Any CPU.ActiveCfg = Debug|Any CPU
		{67409A5E-D04D-416B-936C-A0663E6CA22F}.Debug|Any CPU.Build.0 = Debug|Any CPU
		{67409A5E-D04D-416B-936C-A0663E6CA22F}.Release|Any CPU.ActiveCfg = Release|Any CPU
		{67409A5E-D04D-416B-936C-A0663E6CA22F}.Release|Any CPU.Build.0 = Release|Any CPU
	EndGlobalSection
	GlobalSection(SolutionProperties) = preSolution
		HideSolutionNode = FALSE
	EndGlobalSection
	GlobalSection(ExtensibilityGlobals) = postSolution
		SolutionGuid = {AE9C0E2B-E67C-4E3C-9CE5-B08A4A84B9D3}
	EndGlobalSection
EndGlobal
